
Microsoft Visual Studio Solution File, Format Version 12.00
# Visual Studio 11
Project("{2150E333-8FDC-42A3-9474-1A3956D46DE8}") = "Solution Items", "Solution Items", "{296B8D45-4F76-402C-83B9-2E6402808B91}"
	ProjectSection(SolutionItems) = preProject
		Local.testsettings = Local.testsettings
		TraceAndTestImpact.testsettings = TraceAndTestImpact.testsettings
		TwitterBootstrapHelpers.vsmdi = TwitterBootstrapHelpers.vsmdi
	EndProjectSection
EndProject
Project("{FAE04EC0-301F-11D3-BF4B-00C04F79EFBC}") = "TwitterBootstrapHelpers", "TwitterBootstrapHelpers\TwitterBootstrapHelpers.csproj", "{D2592E79-2388-498A-A2AA-CA344B276CD5}"
EndProject
Project("{FAE04EC0-301F-11D3-BF4B-00C04F79EFBC}") = "TwitterBootstrapHelpers.Tests", "TwitterBootstrapHelpers.Tests\TwitterBootstrapHelpers.Tests.csproj", "{E14A6705-5C93-43E9-9B1A-186A54DF5845}"
EndProject
Project("{FAE04EC0-301F-11D3-BF4B-00C04F79EFBC}") = "TwitterBootstrapHelpers.Workbench", "TwitterBootstrapHelpers.Workbench\TwitterBootstrapHelpers.Workbench.csproj", "{3B7AE4D9-1873-4098-A8BC-DB66E6BFBBA2}"
EndProject
Global
	GlobalSection(TestCaseManagementSettings) = postSolution
		CategoryFile = TwitterBootstrapHelpers.vsmdi
	EndGlobalSection
	GlobalSection(SolutionConfigurationPlatforms) = preSolution
		Debug|Any CPU = Debug|Any CPU
		Release|Any CPU = Release|Any CPU
	EndGlobalSection
	GlobalSection(ProjectConfigurationPlatforms) = postSolution
		{3B7AE4D9-1873-4098-A8BC-DB66E6BFBBA2}.Debug|Any CPU.ActiveCfg = Debug|Any CPU
		{3B7AE4D9-1873-4098-A8BC-DB66E6BFBBA2}.Debug|Any CPU.Build.0 = Debug|Any CPU
		{3B7AE4D9-1873-4098-A8BC-DB66E6BFBBA2}.Release|Any CPU.ActiveCfg = Release|Any CPU
		{3B7AE4D9-1873-4098-A8BC-DB66E6BFBBA2}.Release|Any CPU.Build.0 = Release|Any CPU
		{D2592E79-2388-498A-A2AA-CA344B276CD5}.Debug|Any CPU.ActiveCfg = Debug|Any CPU
		{D2592E79-2388-498A-A2AA-CA344B276CD5}.Debug|Any CPU.Build.0 = Debug|Any CPU
		{D2592E79-2388-498A-A2AA-CA344B276CD5}.Release|Any CPU.ActiveCfg = Release|Any CPU
		{D2592E79-2388-498A-A2AA-CA344B276CD5}.Release|Any CPU.Build.0 = Release|Any CPU
		{E14A6705-5C93-43E9-9B1A-186A54DF5845}.Debug|Any CPU.ActiveCfg = Debug|Any CPU
		{E14A6705-5C93-43E9-9B1A-186A54DF5845}.Debug|Any CPU.Build.0 = Debug|Any CPU
		{E14A6705-5C93-43E9-9B1A-186A54DF5845}.Release|Any CPU.ActiveCfg = Release|Any CPU
		{E14A6705-5C93-43E9-9B1A-186A54DF5845}.Release|Any CPU.Build.0 = Release|Any CPU
	EndGlobalSection
	GlobalSection(SolutionProperties) = preSolution
		HideSolutionNode = FALSE
	EndGlobalSection
EndGlobal
